
Microsoft Visual Studio Solution File, Format Version 12.00
# Visual Studio Version 17
VisualStudioVersion = 17.4.33103.184
MinimumVisualStudioVersion = 10.0.40219.1
Project("{8BC9CEB8-8B4A-11D0-8D11-00A0C91BC942}") = "俄罗斯方块", "俄罗斯方块.vcxproj", "{3DA1632C-6B48-40EA-B486-0CD536609FC2}"
EndProject
Global
	GlobalSection(SolutionConfigurationPlatforms) = preSolution
		Debug|x64 = Debug|x64
		Debug|x86 = Debug|x86
		Release|x64 = Release|x64
		Release|x86 = Release|x86
	EndGlobalSection
	GlobalSection(ProjectConfigurationPlatforms) = postSolution
		{3DA1632C-6B48-40EA-B486-0CD536609FC2}.Debug|x64.ActiveCfg = Debug|x64
		{3DA1632C-6B48-40EA-B486-0CD536609FC2}.Debug|x64.Build.0 = Debug|x64
		{3DA1632C-6B48-40EA-B486-0CD536609FC2}.Debug|x86.ActiveCfg = Debug|Win32
		{3DA1632C-6B48-40EA-B486-0CD536609FC2}.Debug|x86.Build.0 = Debug|Win32
		{3DA1632C-6B48-40EA-B486-0CD536609FC2}.Release|x64.ActiveCfg = Release|x64
		{3DA1632C-6B48-40EA-B486-0CD536609FC2}.Release|x64.Build.0 = Release|x64
		{3DA1632C-6B48-40EA-B486-0CD536609FC2}.Release|x86.ActiveCfg = Release|Win32
		{3DA1632C-6B48-40EA-B486-0CD536609FC2}.Release|x86.Build.0 = Release|Win32
	EndGlobalSection
	GlobalSection(SolutionProperties) = preSolution
		HideSolutionNode = FALSE
	EndGlobalSection
	GlobalSection(ExtensibilityGlobals) = postSolution
		SolutionGuid = {6A6AAFE3-AF61-4CBC-83DB-621E09ACDAB2}
	EndGlobalSection
EndGlobal
